
Microsoft Visual Studio Solution File, Format Version 12.00
# Visual Studio Version 17
VisualStudioVersion = 17.14.36212.18
MinimumVisualStudioVersion = 10.0.40219.1
Project("{FAE04EC0-301F-11D3-BF4B-00C04F79EFBC}") = "myshop.Web", "myshop.Web\myshop.Web.csproj", "{FAF9AF84-3527-427E-AA89-064324EA96B8}"
EndProject
Project("{FAE04EC0-301F-11D3-BF4B-00C04F79EFBC}") = "myshop.DataAccess", "myshop.DataAccess\myshop.DataAccess.csproj", "{655ACCFD-0622-4949-9D94-C288B597D529}"
EndProject
Project("{FAE04EC0-301F-11D3-BF4B-00C04F79EFBC}") = "myshop.Business", "myshop.Business\myshop.Business.csproj", "{5D085D78-F2AA-4065-87E0-D90789661785}"
EndProject
Project("{FAE04EC0-301F-11D3-BF4B-00C04F79EFBC}") = "myshop.Utilities", "myshop.Utilities\myshop.Utilities.csproj", "{149F3960-C26B-4788-B449-07D9BDA3E3F9}"
EndProject
Global
	GlobalSection(SolutionConfigurationPlatforms) = preSolution
		Debug|Any CPU = Debug|Any CPU
		Release|Any CPU = Release|Any CPU
	EndGlobalSection
	GlobalSection(ProjectConfigurationPlatforms) = postSolution
		{FAF9AF84-3527-427E-AA89-064324EA96B8}.Debug|Any CPU.ActiveCfg = Debug|Any CPU
		{FAF9AF84-3527-427E-AA89-064324EA96B8}.Debug|Any CPU.Build.0 = Debug|Any CPU
		{FAF9AF84-3527-427E-AA89-064324EA96B8}.Release|Any CPU.ActiveCfg = Release|Any CPU
		{FAF9AF84-3527-427E-AA89-064324EA96B8}.Release|Any CPU.Build.0 = Release|Any CPU
		{655ACCFD-0622-4949-9D94-C288B597D529}.Debug|Any CPU.ActiveCfg = Debug|Any CPU
		{655ACCFD-0622-4949-9D94-C288B597D529}.Debug|Any CPU.Build.0 = Debug|Any CPU
		{655ACCFD-0622-4949-9D94-C288B597D529}.Release|Any CPU.ActiveCfg = Release|Any CPU
		{655ACCFD-0622-4949-9D94-C288B597D529}.Release|Any CPU.Build.0 = Release|Any CPU
		{5D085D78-F2AA-4065-87E0-D90789661785}.Debug|Any CPU.ActiveCfg = Debug|Any CPU
		{5D085D78-F2AA-4065-87E0-D90789661785}.Debug|Any CPU.Build.0 = Debug|Any CPU
		{5D085D78-F2AA-4065-87E0-D90789661785}.Release|Any CPU.ActiveCfg = Release|Any CPU
		{5D085D78-F2AA-4065-87E0-D90789661785}.Release|Any CPU.Build.0 = Release|Any CPU
		{149F3960-C26B-4788-B449-07D9BDA3E3F9}.Debug|Any CPU.ActiveCfg = Debug|Any CPU
		{149F3960-C26B-4788-B449-07D9BDA3E3F9}.Debug|Any CPU.Build.0 = Debug|Any CPU
		{149F3960-C26B-4788-B449-07D9BDA3E3F9}.Release|Any CPU.ActiveCfg = Release|Any CPU
		{149F3960-C26B-4788-B449-07D9BDA3E3F9}.Release|Any CPU.Build.0 = Release|Any CPU
	EndGlobalSection
	GlobalSection(SolutionProperties) = preSolution
		HideSolutionNode = FALSE
	EndGlobalSection
	GlobalSection(ExtensibilityGlobals) = postSolution
		SolutionGuid = {BA203611-E7C3-47E6-B03D-5DB71102AE28}
	EndGlobalSection
EndGlobal
